# This file was autogenerated by Stack.
# You should not edit this file by hand.
# For more information, please see the documentation at:
#   https://docs.haskellstack.org/en/stable/lock_files

packages:
- completed:
    hackage: blaze-colonnade-1.2.2.1@sha256:4cb6fbf6889b91b20f2f30b2479814f99f042cf6e7c6b88ae6df2358f8e0405f,1394
    pantry-tree:
      sha256: c7b82c94811033eb455622d70f06f1eb282f00edd36552b462a0e4459015add2
      size: 279
  original:
    hackage: blaze-colonnade-1.2.2.1
- completed:
    hackage: colonnade-1.2.0.2@sha256:bfa44d75b77e24f2f4073d6c9527e1ec12f1661b0cb46d99d6c8b1c45d31121d,2099
    pantry-tree:
      sha256: e53f0808168838aaaf386ed194bafd7fc267b50d58b3b5e6a7dabc0a58b05507
      size: 327
  original:
    hackage: colonnade-1.2.0.2
- completed:
    hackage: Chart-diagrams-1.9.3@sha256:3e6d56cf0d3ba00f2213d0e03c9315f6c287d32126ae7991c3099f50c2a21011,1801
    pantry-tree:
      sha256: b5deacfa71aebde32b5404807184ebbf63f3c13d3871f607cf14ad23f2bf9a6c
      size: 934
  original:
    hackage: Chart-diagrams-1.9.3
- completed:
    hackage: diagrams-core-1.5.0@sha256:8ffd24eb97ce309b41c52e5fa3a8acee5e4063565919eb4d41abb5c219b3d49b,2971
    pantry-tree:
      sha256: 670806e0af1e31792557a3bc2c4ffe4c39929fea718c3071eb4702c4512c9795
      size: 2018
  original:
    hackage: diagrams-core-1.5.0
- completed:
    hackage: diagrams-lib-1.4.5.1@sha256:c1481cd9396dc7c23a0edc9f40225fbfb9016443bd528b000cf7346850f711e9,8244
    pantry-tree:
      sha256: 839f2ac6daacab18bc499374f8df827f65f06d03c81ec941f3f7aedbc2573707
      size: 11604
  original:
    hackage: diagrams-lib-1.4.5.1
- completed:
    hackage: diagrams-postscript-1.5@sha256:ea9ef970f653072cfde9715fad92481eedcc72a94da543c52a68ca33100902ab,2369
    pantry-tree:
      sha256: 18c9abaa057965a85174a6f884e850af37711ba55c708bbd6127384e0180e46b
      size: 480
  original:
    hackage: diagrams-postscript-1.5
- completed:
    hackage: diagrams-svg-1.4.3.1@sha256:2060a54662caa103ec9ce9e132204892ffdc3843b71671556e9998ef929cd508,3128
    pantry-tree:
      sha256: 709e6941bfa311df138a4a8d7439e3d59731cb42036c67e6fe7f0fd96de612a7
      size: 475
  original:
    hackage: diagrams-svg-1.4.3.1
- completed:
    hackage: svg-builder-0.1.1@sha256:5f44fc6623bf28b6067a5d619dbb9a78825d453266b6f02f69b1e5a03caaf9b2,1580
    pantry-tree:
      sha256: 69048d1e1c51a4aa6f760c3ca8b13851705c204b5b5a419d88c2733f76484577
      size: 535
  original:
    hackage: svg-builder-0.1.1
- completed:
    hackage: SVGFonts-1.7.0.1@sha256:1aac5ffd1a7c09317f92e9d31380d61eb96ce412b0dbd4e2d22c609c3d0be360,4039
    pantry-tree:
      sha256: 69e91027b97050991ce3a1f360a9a63ce90be8c3661a5c3db184536485e645cf
      size: 1836
  original:
    hackage: SVGFonts-1.7.0.1
- completed:
    hackage: active-0.2.0.15@sha256:56d95c2205a8e52911bf08784b9958be430036e6ea16521b957c3e27cc71235c,1792
    pantry-tree:
      sha256: 5f2c007588a7e5b2c3500a077cbae93a78c0869f1d2985b0ddcb318285e65def
      size: 1017
  original:
    hackage: active-0.2.0.15
- completed:
    hackage: dual-tree-0.2.3.0@sha256:be4b8ecb2ecef798f88ee569d043f3f19c32f6dd083329cd7cfcb482f0bc6233,2882
    pantry-tree:
      sha256: db681941c4b21ef09d6aef232a8424edd2ca08ad8d4480480d9fbbbad78b0e50
      size: 387
  original:
    hackage: dual-tree-0.2.3.0
- completed:
    hackage: monoid-extras-0.6.1@sha256:03141a1513274a0618fccf9aac34923d3cef64b23df716d86d0decd50efeeb13,2284
    pantry-tree:
      sha256: 12de9527adfb564a9c61212e432fc536700a06d19948af41ef05b761f62d6053
      size: 1187
  original:
    hackage: monoid-extras-0.6.1
- completed:
    hackage: statestack-0.3@sha256:437941f253bc7a6d8321e67938667bae53d7765b256a45976accadd85f6e1703,1146
    pantry-tree:
      sha256: 5b0ba98ac695eccbba33aae8eccf2b6dd8aa3d16d38db65e9e4c231aaa5e4082
      size: 272
  original:
    hackage: statestack-0.3
- completed:
    hackage: Chart-cairo-1.9.3@sha256:893d9da563b54350da20f258fe75e894f71ba5297dacc6b531407e0abc8988b4,924
    pantry-tree:
      sha256: a1e9dacd05d87844edba226fc7d9fc6540336f57d4810e9c3e641cfbc9f0c16a
      size: 238
  original:
    hackage: Chart-cairo-1.9.3
- completed:
    hackage: cairo-0.13.8.2@sha256:ef1709c3c4d2c6d68a9a51d9f220dccc0745f6468d2d0868c15a7ecdf8f325a1,4078
    pantry-tree:
      sha256: d6a9b3a15bc2e7b53fda331279cfdbc299fbf0c4be2ee8c1b6b79b924b6fdeb4
      size: 2830
  original:
    hackage: cairo-0.13.8.2
- completed:
    hackage: gtk2hs-buildtools-0.13.8.3@sha256:207229eee7abff12aba2740b32131522086275e46f2e72a0f5bbc3cb781e9d4d,5304
    pantry-tree:
      sha256: 1f93c6dbf2573503c48019fdf9f4662dcac494beaecccaea1873ec901eb2152f
      size: 3588
  original:
    hackage: gtk2hs-buildtools-0.13.8.3
snapshots:
- completed:
    sha256: ce4fb8d44f3c6c6032060a02e0ebb1bd29937c9a70101c1517b92a87d9515160
    size: 586110
    url: https://raw.githubusercontent.com/commercialhaskell/stackage-snapshots/master/lts/18/21.yaml
  original: lts-18.21
