# This file was autogenerated by Stack.
# You should not edit this file by hand.
# For more information, please see the documentation at:
#   https://docs.haskellstack.org/en/stable/lock_files

packages:
- completed:
    hackage: blaze-colonnade-1.2.2.1@sha256:4cb6fbf6889b91b20f2f30b2479814f99f042cf6e7c6b88ae6df2358f8e0405f,1394
    pantry-tree:
      sha256: c7b82c94811033eb455622d70f06f1eb282f00edd36552b462a0e4459015add2
      size: 279
  original:
    hackage: blaze-colonnade-1.2.2.1
- completed:
    hackage: colonnade-1.2.0.2@sha256:bfa44d75b77e24f2f4073d6c9527e1ec12f1661b0cb46d99d6c8b1c45d31121d,2099
    pantry-tree:
      sha256: e53f0808168838aaaf386ed194bafd7fc267b50d58b3b5e6a7dabc0a58b05507
      size: 327
  original:
    hackage: colonnade-1.2.0.2
snapshots:
- completed:
    sha256: ce4fb8d44f3c6c6032060a02e0ebb1bd29937c9a70101c1517b92a87d9515160
    size: 586110
    url: https://raw.githubusercontent.com/commercialhaskell/stackage-snapshots/master/lts/18/21.yaml
  original: lts-18.21
