# This file was autogenerated by Stack.
# You should not edit this file by hand.
# For more information, please see the documentation at:
#   https://docs.haskellstack.org/en/stable/lock_files

packages:
- completed:
    hackage: Cabal-syntax-3.8.1.0@sha256:4936765e9a7a8ecbf8fdbe9067f6d972bc0299220063abb2632a9950af64b966,7619
    pantry-tree:
      sha256: 0471cade235bb93e1fd32630f6d5fa69735a879d2712f47067c51bed0c46d536
      size: 11052
  original:
    hackage: Cabal-syntax-3.8.1.0@sha256:4936765e9a7a8ecbf8fdbe9067f6d972bc0299220063abb2632a9950af64b966,7619
- completed:
    hackage: filepattern-0.1.3@sha256:372c1733d83b90045eb29da9f010fed79bfef8771ce65eb126a1d83ecc54a9a2,2454
    pantry-tree:
      sha256: c4e124d77a327c4cf383de2dff401bea57aef8a8ac1afb3b8f169a9d8e6408f2
      size: 953
  original:
    hackage: filepattern-0.1.3@sha256:372c1733d83b90045eb29da9f010fed79bfef8771ce65eb126a1d83ecc54a9a2,2454
snapshots: []
